
Microsoft Visual Studio Solution File, Format Version 12.00
# Visual Studio Version 17
VisualStudioVersion = 17.1.32210.238
MinimumVisualStudioVersion = 10.0.40219.1
Project("{FAE04EC0-301F-11D3-BF4B-00C04F79EFBC}") = "Tsystem_Properties_Set_Get", "Tsystem_Properties_Set_Get.csproj", "{FBAA42BB-8F80-46DB-9322-0C6B58954375}"
EndProject
Global
	GlobalSection(SolutionConfigurationPlatforms) = preSolution
		Debug|Any CPU = Debug|Any CPU
		Release|Any CPU = Release|Any CPU
	EndGlobalSection
	GlobalSection(ProjectConfigurationPlatforms) = postSolution
		{FBAA42BB-8F80-46DB-9322-0C6B58954375}.Debug|Any CPU.ActiveCfg = Debug|Any CPU
		{FBAA42BB-8F80-46DB-9322-0C6B58954375}.Debug|Any CPU.Build.0 = Debug|Any CPU
		{FBAA42BB-8F80-46DB-9322-0C6B58954375}.Release|Any CPU.ActiveCfg = Release|Any CPU
		{FBAA42BB-8F80-46DB-9322-0C6B58954375}.Release|Any CPU.Build.0 = Release|Any CPU
	EndGlobalSection
	GlobalSection(SolutionProperties) = preSolution
		HideSolutionNode = FALSE
	EndGlobalSection
	GlobalSection(ExtensibilityGlobals) = postSolution
		SolutionGuid = {F79497C1-63A6-42BA-804E-41D8DF203F29}
	EndGlobalSection
EndGlobal
